
Microsoft Visual Studio Solution File, Format Version 12.00
# Visual Studio 15
VisualStudioVersion = 15.0.27703.2000
MinimumVisualStudioVersion = 10.0.40219.1
Project("{9092AA53-FB77-4645-B42D-1CCCA6BD08BD}") = "NodejsConsoleApp1", "NodejsConsoleApp1\NodejsConsoleApp1.njsproj", "{5A3A3C7F-F690-46FC-B395-ADFDD389C49F}"
EndProject
Global
	GlobalSection(SolutionConfigurationPlatforms) = preSolution
		Debug|Any CPU = Debug|Any CPU
		Release|Any CPU = Release|Any CPU
	EndGlobalSection
	GlobalSection(ProjectConfigurationPlatforms) = postSolution
		{5A3A3C7F-F690-46FC-B395-ADFDD389C49F}.Debug|Any CPU.ActiveCfg = Debug|Any CPU
		{5A3A3C7F-F690-46FC-B395-ADFDD389C49F}.Debug|Any CPU.Build.0 = Debug|Any CPU
		{5A3A3C7F-F690-46FC-B395-ADFDD389C49F}.Release|Any CPU.ActiveCfg = Release|Any CPU
		{5A3A3C7F-F690-46FC-B395-ADFDD389C49F}.Release|Any CPU.Build.0 = Release|Any CPU
	EndGlobalSection
	GlobalSection(SolutionProperties) = preSolution
		HideSolutionNode = FALSE
	EndGlobalSection
	GlobalSection(ExtensibilityGlobals) = postSolution
		SolutionGuid = {33523D6F-6C8D-43C6-839C-514F7891CBA5}
	EndGlobalSection
EndGlobal
